
Microsoft Visual Studio Solution File, Format Version 12.00
# Visual Studio Version 17
VisualStudioVersion = 17.6.33927.249
MinimumVisualStudioVersion = 10.0.40219.1
Project("{9A19103F-16F7-4668-BE54-9A1E7A4F7556}") = "AdminLayout_Vuexy", "AdminLayout_Vuexy\AdminLayout_Vuexy.csproj", "{C3A7274D-BF1A-42B2-BD73-E27A7A49B067}"
EndProject
Project("{FAE04EC0-301F-11D3-BF4B-00C04F79EFBC}") = "Bus_backUpData", "Bus_backUpData\Bus_backUpData.csproj", "{A256BB2F-D636-4ED7-A4DB-395AF1EEE943}"
EndProject
Global
	GlobalSection(SolutionConfigurationPlatforms) = preSolution
		Debug|Any CPU = Debug|Any CPU
		Release|Any CPU = Release|Any CPU
	EndGlobalSection
	GlobalSection(ProjectConfigurationPlatforms) = postSolution
		{C3A7274D-BF1A-42B2-BD73-E27A7A49B067}.Debug|Any CPU.ActiveCfg = Debug|Any CPU
		{C3A7274D-BF1A-42B2-BD73-E27A7A49B067}.Debug|Any CPU.Build.0 = Debug|Any CPU
		{C3A7274D-BF1A-42B2-BD73-E27A7A49B067}.Release|Any CPU.ActiveCfg = Release|Any CPU
		{C3A7274D-BF1A-42B2-BD73-E27A7A49B067}.Release|Any CPU.Build.0 = Release|Any CPU
		{A256BB2F-D636-4ED7-A4DB-395AF1EEE943}.Debug|Any CPU.ActiveCfg = Debug|Any CPU
		{A256BB2F-D636-4ED7-A4DB-395AF1EEE943}.Debug|Any CPU.Build.0 = Debug|Any CPU
		{A256BB2F-D636-4ED7-A4DB-395AF1EEE943}.Release|Any CPU.ActiveCfg = Release|Any CPU
		{A256BB2F-D636-4ED7-A4DB-395AF1EEE943}.Release|Any CPU.Build.0 = Release|Any CPU
	EndGlobalSection
	GlobalSection(SolutionProperties) = preSolution
		HideSolutionNode = FALSE
	EndGlobalSection
	GlobalSection(ExtensibilityGlobals) = postSolution
		SolutionGuid = {943C5CE4-B8F8-43C1-B679-0BCEA48F7FA0}
	EndGlobalSection
EndGlobal
